
Microsoft Visual Studio Solution File, Format Version 12.00
Project("{FAE04EC0-301F-11D3-BF4B-00C04F79EFBC}") = "Domain", "Domain\Domain.csproj", "{84B89CDE-57F7-4698-BDEE-D5F24B766FFE}"
EndProject
Project("{FAE04EC0-301F-11D3-BF4B-00C04F79EFBC}") = "Application", "Application\Application.csproj", "{5CA76894-D17E-4112-A970-F3733D3E45D2}"
EndProject
Project("{FAE04EC0-301F-11D3-BF4B-00C04F79EFBC}") = "WebAPI", "WebAPI\WebAPI.csproj", "{50409D64-EA8E-4878-B5E1-7AD74E88C03A}"
EndProject
Project("{FAE04EC0-301F-11D3-BF4B-00C04F79EFBC}") = "BlazorApp", "BlazorApp\BlazorApp.csproj", "{918A9540-E334-4A5D-80C8-EF5C7F6DC641}"
EndProject
Project("{FAE04EC0-301F-11D3-BF4B-00C04F79EFBC}") = "HttpClients", "HttpClients\HttpClients.csproj", "{2CEF58D7-FBC3-4574-8CF2-A7600B8E9D27}"
EndProject
Project("{FAE04EC0-301F-11D3-BF4B-00C04F79EFBC}") = "EfcDataAccess", "EfcDataAccess\EfcDataAccess.csproj", "{9BAC1A6F-531D-4885-BF7D-5928551B2D82}"
EndProject
Global
	GlobalSection(SolutionConfigurationPlatforms) = preSolution
		Debug|Any CPU = Debug|Any CPU
		Release|Any CPU = Release|Any CPU
	EndGlobalSection
	GlobalSection(ProjectConfigurationPlatforms) = postSolution
		{84B89CDE-57F7-4698-BDEE-D5F24B766FFE}.Debug|Any CPU.ActiveCfg = Debug|Any CPU
		{84B89CDE-57F7-4698-BDEE-D5F24B766FFE}.Debug|Any CPU.Build.0 = Debug|Any CPU
		{84B89CDE-57F7-4698-BDEE-D5F24B766FFE}.Release|Any CPU.ActiveCfg = Release|Any CPU
		{84B89CDE-57F7-4698-BDEE-D5F24B766FFE}.Release|Any CPU.Build.0 = Release|Any CPU
		{5CA76894-D17E-4112-A970-F3733D3E45D2}.Debug|Any CPU.ActiveCfg = Debug|Any CPU
		{5CA76894-D17E-4112-A970-F3733D3E45D2}.Debug|Any CPU.Build.0 = Debug|Any CPU
		{5CA76894-D17E-4112-A970-F3733D3E45D2}.Release|Any CPU.ActiveCfg = Release|Any CPU
		{5CA76894-D17E-4112-A970-F3733D3E45D2}.Release|Any CPU.Build.0 = Release|Any CPU
		{50409D64-EA8E-4878-B5E1-7AD74E88C03A}.Debug|Any CPU.ActiveCfg = Debug|Any CPU
		{50409D64-EA8E-4878-B5E1-7AD74E88C03A}.Debug|Any CPU.Build.0 = Debug|Any CPU
		{50409D64-EA8E-4878-B5E1-7AD74E88C03A}.Release|Any CPU.ActiveCfg = Release|Any CPU
		{50409D64-EA8E-4878-B5E1-7AD74E88C03A}.Release|Any CPU.Build.0 = Release|Any CPU
		{918A9540-E334-4A5D-80C8-EF5C7F6DC641}.Debug|Any CPU.ActiveCfg = Debug|Any CPU
		{918A9540-E334-4A5D-80C8-EF5C7F6DC641}.Debug|Any CPU.Build.0 = Debug|Any CPU
		{918A9540-E334-4A5D-80C8-EF5C7F6DC641}.Release|Any CPU.ActiveCfg = Release|Any CPU
		{918A9540-E334-4A5D-80C8-EF5C7F6DC641}.Release|Any CPU.Build.0 = Release|Any CPU
		{2CEF58D7-FBC3-4574-8CF2-A7600B8E9D27}.Debug|Any CPU.ActiveCfg = Debug|Any CPU
		{2CEF58D7-FBC3-4574-8CF2-A7600B8E9D27}.Debug|Any CPU.Build.0 = Debug|Any CPU
		{2CEF58D7-FBC3-4574-8CF2-A7600B8E9D27}.Release|Any CPU.ActiveCfg = Release|Any CPU
		{2CEF58D7-FBC3-4574-8CF2-A7600B8E9D27}.Release|Any CPU.Build.0 = Release|Any CPU
		{9BAC1A6F-531D-4885-BF7D-5928551B2D82}.Debug|Any CPU.ActiveCfg = Debug|Any CPU
		{9BAC1A6F-531D-4885-BF7D-5928551B2D82}.Debug|Any CPU.Build.0 = Debug|Any CPU
		{9BAC1A6F-531D-4885-BF7D-5928551B2D82}.Release|Any CPU.ActiveCfg = Release|Any CPU
		{9BAC1A6F-531D-4885-BF7D-5928551B2D82}.Release|Any CPU.Build.0 = Release|Any CPU
	EndGlobalSection
EndGlobal
